
Microsoft Visual Studio Solution File, Format Version 12.00
# Visual Studio Version 16
VisualStudioVersion = 16.0.31729.503
MinimumVisualStudioVersion = 10.0.40219.1
Project("{FAE04EC0-301F-11D3-BF4B-00C04F79EFBC}") = "Lab1Weather", "Lab1Weather\Lab1Weather.csproj", "{96457EB5-34F2-4949-996F-1BFAA8D2D7FE}"
EndProject
Project("{FAE04EC0-301F-11D3-BF4B-00C04F79EFBC}") = "Lab1Klient", "Lab1Klient\Lab1Klient.csproj", "{3517C777-8081-4088-B43E-44A5E77E5458}"
EndProject
Global
	GlobalSection(SolutionConfigurationPlatforms) = preSolution
		Debug|Any CPU = Debug|Any CPU
		Release|Any CPU = Release|Any CPU
	EndGlobalSection
	GlobalSection(ProjectConfigurationPlatforms) = postSolution
		{96457EB5-34F2-4949-996F-1BFAA8D2D7FE}.Debug|Any CPU.ActiveCfg = Debug|Any CPU
		{96457EB5-34F2-4949-996F-1BFAA8D2D7FE}.Debug|Any CPU.Build.0 = Debug|Any CPU
		{96457EB5-34F2-4949-996F-1BFAA8D2D7FE}.Release|Any CPU.ActiveCfg = Release|Any CPU
		{96457EB5-34F2-4949-996F-1BFAA8D2D7FE}.Release|Any CPU.Build.0 = Release|Any CPU
		{3517C777-8081-4088-B43E-44A5E77E5458}.Debug|Any CPU.ActiveCfg = Debug|Any CPU
		{3517C777-8081-4088-B43E-44A5E77E5458}.Debug|Any CPU.Build.0 = Debug|Any CPU
		{3517C777-8081-4088-B43E-44A5E77E5458}.Release|Any CPU.ActiveCfg = Release|Any CPU
		{3517C777-8081-4088-B43E-44A5E77E5458}.Release|Any CPU.Build.0 = Release|Any CPU
	EndGlobalSection
	GlobalSection(SolutionProperties) = preSolution
		HideSolutionNode = FALSE
	EndGlobalSection
	GlobalSection(ExtensibilityGlobals) = postSolution
		SolutionGuid = {AD762390-1065-4A0B-9E45-3AFAABF47DEA}
	EndGlobalSection
EndGlobal
